
Microsoft Visual Studio Solution File, Format Version 12.00
# Visual Studio Version 17
VisualStudioVersion = 17.13.35818.85 d17.13
MinimumVisualStudioVersion = 10.0.40219.1
Project("{FAE04EC0-301F-11D3-BF4B-00C04F79EFBC}") = "PRACTICASEJERCICIOS.APPMVCDatabaseFirst", "PRACTICASEJERCICIOS.APPMVCDatabaseFirst\PRACTICASEJERCICIOS.APPMVCDatabaseFirst.csproj", "{8A914313-0F3B-48C6-B9F0-C5BCAF89C73B}"
EndProject
Project("{FAE04EC0-301F-11D3-BF4B-00C04F79EFBC}") = "PRACTICASEJERCICIOS.APPMVCCodeFirst", "PRACTICASEJERCICIOS.APPMVCCodeFirst\PRACTICASEJERCICIOS.APPMVCCodeFirst.csproj", "{30EDB1E3-F5AA-44C3-A5B4-70EFEF849B33}"
EndProject
Global
	GlobalSection(SolutionConfigurationPlatforms) = preSolution
		Debug|Any CPU = Debug|Any CPU
		Release|Any CPU = Release|Any CPU
	EndGlobalSection
	GlobalSection(ProjectConfigurationPlatforms) = postSolution
		{8A914313-0F3B-48C6-B9F0-C5BCAF89C73B}.Debug|Any CPU.ActiveCfg = Debug|Any CPU
		{8A914313-0F3B-48C6-B9F0-C5BCAF89C73B}.Debug|Any CPU.Build.0 = Debug|Any CPU
		{8A914313-0F3B-48C6-B9F0-C5BCAF89C73B}.Release|Any CPU.ActiveCfg = Release|Any CPU
		{8A914313-0F3B-48C6-B9F0-C5BCAF89C73B}.Release|Any CPU.Build.0 = Release|Any CPU
		{30EDB1E3-F5AA-44C3-A5B4-70EFEF849B33}.Debug|Any CPU.ActiveCfg = Debug|Any CPU
		{30EDB1E3-F5AA-44C3-A5B4-70EFEF849B33}.Debug|Any CPU.Build.0 = Debug|Any CPU
		{30EDB1E3-F5AA-44C3-A5B4-70EFEF849B33}.Release|Any CPU.ActiveCfg = Release|Any CPU
		{30EDB1E3-F5AA-44C3-A5B4-70EFEF849B33}.Release|Any CPU.Build.0 = Release|Any CPU
	EndGlobalSection
	GlobalSection(SolutionProperties) = preSolution
		HideSolutionNode = FALSE
	EndGlobalSection
	GlobalSection(ExtensibilityGlobals) = postSolution
		SolutionGuid = {3E367780-C4EB-4569-92A3-40F9319FF118}
	EndGlobalSection
EndGlobal
